// !$*UTF8*$!
{
	archiveVersion = 1;
	classes = {
	};
	objectVersion = 52;
	objects = {

/* Begin PBXBuildFile section */
		0207DA581B56EA530066E2B4 /* Images.xcassets in Resources */ = {isa = PBXBuildFile; fileRef = 0207DA571B56EA530066E2B4 /* Images.xcassets */; };
		020E43AF1A8D46228A567280 /* CDVWKWebViewEngine.m in Sources */ = {isa = PBXBuildFile; fileRef = 4176BF276F1D496197EA7A11 /* CDVWKWebViewEngine.m */; };
		05D2A7B8D1DD413F9F85CF3E /* PSPDFThreadSafeMutableDictionary.m in Sources */ = {isa = PBXBuildFile; fileRef = F81A7A0B7634449F902133B1 /* PSPDFThreadSafeMutableDictionary.m */; settings = {COMPILER_FLAGS = "-w"; }; };
		0A7F71ABEB794D899C8B46F9 /* QuartzCore.framework in Frameworks */ = {isa = PBXBuildFile; fileRef = 210A1BC381EF41B7B5009BBE /* QuartzCore.framework */; };
		0BD7A801C2B14FEB9049367B /* UIKit.framework in Frameworks */ = {isa = PBXBuildFile; fileRef = E42BBECF0ED541D498C7DE1F /* UIKit.framework */; };
		0FE53B0BDB7045B9B397ECD6 /* CoreImage.framework in Frameworks */ = {isa = PBXBuildFile; fileRef = FC15093D512540BEA4C75DC1 /* CoreImage.framework */; };
		19B2DBE412934A4493FD8075 /* OpenGLES.framework in Frameworks */ = {isa = PBXBuildFile; fileRef = C15F1B48BE624ED4B7029C75 /* OpenGLES.framework */; };
		19CF77769E7F4A9CB0650D61 /* WebKit.framework in Frameworks */ = {isa = PBXBuildFile; fileRef = 178956DD869541A99295575F /* WebKit.framework */; settings = {ATTRIBUTES = (Weak, ); }; };
		1AD9BAAAA85C4E648A39B8FC /* CDVAssetLibraryFilesystem.m in Sources */ = {isa = PBXBuildFile; fileRef = 0A6571D33FAE4C118FDC95DB /* CDVAssetLibraryFilesystem.m */; };
		1D3623260D0F684500981E51 /* AppDelegate.m in Sources */ = {isa = PBXBuildFile; fileRef = 1D3623250D0F684500981E51 /* AppDelegate.m */; };
		1D60589B0D05DD56006BFB54 /* main.m in Sources */ = {isa = PBXBuildFile; fileRef = 29B97316FDCFA39411CA2CEA /* main.m */; };
		24878C3B9C9E46C89A1E7DAA /* UIImage+CropScaleOrientation.m in Sources */ = {isa = PBXBuildFile; fileRef = FEB572C0130E4D3CAC7842F8 /* UIImage+CropScaleOrientation.m */; };
		2CE551C3BAFE4C888019B6CC /* GoogleMapsCore.framework in Frameworks */ = {isa = PBXBuildFile; fileRef = 73F77F6BE90943079ECBD11D /* GoogleMapsCore.framework */; };
		2E1CA8093F1B4BAABAB260E0 /* CDVFile.m in Sources */ = {isa = PBXBuildFile; fileRef = DF2581CD807E4CD6ACD60B76 /* CDVFile.m */; };
		301BF552109A68D80062928A /* libCordova.a in Frameworks */ = {isa = PBXBuildFile; fileRef = 301BF535109A57CC0062928A /* libCordova.a */; settings = {ATTRIBUTES = (Required, ); }; };
		302D95F114D2391D003F00A1 /* MainViewController.m in Sources */ = {isa = PBXBuildFile; fileRef = 302D95EF14D2391D003F00A1 /* MainViewController.m */; };
		302D95F214D2391D003F00A1 /* MainViewController.xib in Resources */ = {isa = PBXBuildFile; fileRef = 302D95F014D2391D003F00A1 /* MainViewController.xib */; };
		35ECFCEDAD8B45FCB7C1D38E /* CDVLocalFilesystem.m in Sources */ = {isa = PBXBuildFile; fileRef = 452741736E774F7F87AF9ACF /* CDVLocalFilesystem.m */; };
		376BE1CCD0B24295ADAE9058 /* Accelerate.framework in Frameworks */ = {isa = PBXBuildFile; fileRef = 6BBF725AC84D457DB451AC76 /* Accelerate.framework */; };
		39BE1D30D2B44788B2A9F627 /* APPNotificationOptions.m in Sources */ = {isa = PBXBuildFile; fileRef = 8BCA519C4EEE4DE4ADF708E3 /* APPNotificationOptions.m */; };
		49DD70ECD9944B5686A6FD88 /* CoreData.framework in Frameworks */ = {isa = PBXBuildFile; fileRef = 72EBF73B0EB54F298A3C3E4D /* CoreData.framework */; };
		4C9C2560704648718BB3BD6D /* CoreTelephony.framework in Frameworks */ = {isa = PBXBuildFile; fileRef = 3CF68BD6E1FC4F45BDE97E35 /* CoreTelephony.framework */; };
		4CD485A30E5543F38DA74F08 /* scannerOverlay.xib in Resources */ = {isa = PBXBuildFile; fileRef = E4EAA727529F4E35B5567AFE /* scannerOverlay.xib */; };
		4D323D13137544AFB4D9F110 /* APPBackgroundMode.m in Sources */ = {isa = PBXBuildFile; fileRef = DAEC871EDD2F4D37911B7248 /* APPBackgroundMode.m */; };
		518823CCC67E44A884250D80 /* CDVBarcodeScanner.mm in Sources */ = {isa = PBXBuildFile; fileRef = 974142596E4644FBA6AEC4B0 /* CDVBarcodeScanner.mm */; };
		557524DA77FA4F7393309F4F /* AVFoundation.framework in Frameworks */ = {isa = PBXBuildFile; fileRef = 739B7D3E2B04452CB7EE78F3 /* AVFoundation.framework */; };
		55B10B0B834E444988CBE3D0 /* CoreLocation.framework in Frameworks */ = {isa = PBXBuildFile; fileRef = 49A6677AE33142C0BA62CDAA /* CoreLocation.framework */; };
		55C27D54D7BD4D3C86BE5E70 /* AudioToolbox.framework in Frameworks */ = {isa = PBXBuildFile; fileRef = 0F6DF02896D54C0F879C9FB0 /* AudioToolbox.framework */; };
		5923B105E63D4F9286550F05 /* GLKit.framework in Frameworks */ = {isa = PBXBuildFile; fileRef = 86FE249B4FED4C0698F02ED5 /* GLKit.framework */; };
		5A66FAA44A1E4E27AFE135C0 /* IONAssetHandler.m in Sources */ = {isa = PBXBuildFile; fileRef = 9FFA41A98D5942BFA5B8270A /* IONAssetHandler.m */; };
		5F33354451F94BAFBCF6D461 /* UserNotifications.framework in Frameworks */ = {isa = PBXBuildFile; fileRef = 476023FAA4574FB39565B94E /* UserNotifications.framework */; };
		674CDC83DF604E37A15A93AF /* appbeep.wav in Resources */ = {isa = PBXBuildFile; fileRef = 955FC75848A04D6582299F00 /* appbeep.wav */; };
		6AFF5BF91D6E424B00AB3073 /* CDVLaunchScreen.storyboard in Resources */ = {isa = PBXBuildFile; fileRef = 6AFF5BF81D6E424B00AB3073 /* CDVLaunchScreen.storyboard */; };
		6C1CE2435CAFCB6DD33D0C89 /* libPods-QRDEE.a in Frameworks */ = {isa = PBXBuildFile; fileRef = 77134C02C055AC2797A3F4D0 /* libPods-QRDEE.a */; };
		6D0152426D5F41EDA7B3449D /* GoogleMaps.framework in Frameworks */ = {isa = PBXBuildFile; fileRef = B2DD5BDDFB444027B704C202 /* GoogleMaps.framework */; };
		6E70F74D34C747399BE4EECA /* SQLitePlugin.m in Sources */ = {isa = PBXBuildFile; fileRef = 97A07D7E81694972BF76517D /* SQLitePlugin.m */; };
		70087797C3284BB8AF10ED38 /* CDVLocation.m in Sources */ = {isa = PBXBuildFile; fileRef = E88FBE252BDB46BD91977E43 /* CDVLocation.m */; };
		7271FCA836CD4B049C94882E /* CDVStatusBar.m in Sources */ = {isa = PBXBuildFile; fileRef = 3C4145D1A18241EE868AC0DE /* CDVStatusBar.m */; };
		746326FDBC2A4F2193F1EF59 /* CoreText.framework in Frameworks */ = {isa = PBXBuildFile; fileRef = 99684B63359D4438B05B1FA6 /* CoreText.framework */; };
		758A5E69EFC34737B079B8CD /* CDVWKWebViewUIDelegate.m in Sources */ = {isa = PBXBuildFile; fileRef = E16C52EE3144469BB3DE1972 /* CDVWKWebViewUIDelegate.m */; };
		7B716D2B21284D2BABFAA99B /* APPNotificationContent.m in Sources */ = {isa = PBXBuildFile; fileRef = 18B08AA2EF344D2B9BA55886 /* APPNotificationContent.m */; };
		811D1A5B265F4A3ABFC31057 /* CDVDevice.m in Sources */ = {isa = PBXBuildFile; fileRef = 6961DEDDFFEF4EC18F5CF1F8 /* CDVDevice.m */; };
		827A322CC699469DA8481572 /* CDVJpegHeaderWriter.m in Sources */ = {isa = PBXBuildFile; fileRef = FB2BDD8BB00C43A786A7FA04 /* CDVJpegHeaderWriter.m */; };
		858E6E1751E14D65AB603C33 /* CDVIonicKeyboard.m in Sources */ = {isa = PBXBuildFile; fileRef = 776B4106713C4F539409230C /* CDVIonicKeyboard.m */; };
		8717154DD7FD48308C3BBF30 /* libz.tbd in Frameworks */ = {isa = PBXBuildFile; fileRef = B48EE4F96D844B70AD45A063 /* libz.tbd */; };
		A467D33F2A1147E89DC461ED /* CDVSplashScreen.m in Sources */ = {isa = PBXBuildFile; fileRef = 5E765B6C9B4C440CA2990F6A /* CDVSplashScreen.m */; };
		A5CCA9DFC4C9479AAE95002A /* CFCallNumber.m in Sources */ = {isa = PBXBuildFile; fileRef = 5990144846F643EA9AD474A0 /* CFCallNumber.m */; };
		A8D65A2F05C143B795BAC83B /* CDVViewController+SplashScreen.m in Sources */ = {isa = PBXBuildFile; fileRef = 15D15ACA01DB40F3813CEAA8 /* CDVViewController+SplashScreen.m */; };
		B1D80D78CC36456C9D2CC0B7 /* UNNotificationRequest+APPLocalNotification.m in Sources */ = {isa = PBXBuildFile; fileRef = B70678F39B4941208EF2E47B /* UNNotificationRequest+APPLocalNotification.m */; };
		B40C6C00EBBA4D0C8E8C7D0E /* CDVBarcodeScanner.bundle in Resources */ = {isa = PBXBuildFile; fileRef = 9B52B93E36114B0187465638 /* CDVBarcodeScanner.bundle */; };
		B6F099A841BB41808CCA5A14 /* GoogleMaps.bundle in Resources */ = {isa = PBXBuildFile; fileRef = 9AC503AA620F4AB2B145CB60 /* GoogleMaps.bundle */; };
		BAAE131B0CA548C4BD80CF07 /* APPLocalNotification.m in Sources */ = {isa = PBXBuildFile; fileRef = A641E6231D11469990F36F4D /* APPLocalNotification.m */; };
		CED0A4022E3C4B45A2B77347 /* APPBadge.m in Sources */ = {isa = PBXBuildFile; fileRef = BD66B1D73DDD46BA9F939820 /* APPBadge.m */; };
		D0281392A80A40D19032B026 /* UNUserNotificationCenter+APPLocalNotification.m in Sources */ = {isa = PBXBuildFile; fileRef = C1FC46B2DA2647D288B2B3A4 /* UNUserNotificationCenter+APPLocalNotification.m */; };
		D10A0A7BC56043C78C5056A7 /* CDVWKProcessPoolFactory.m in Sources */ = {isa = PBXBuildFile; fileRef = 4D204787290344129E89B8DD /* CDVWKProcessPoolFactory.m */; };
		D5B42BE2BC8E4B0FB3E12B64 /* APPMethodMagic.m in Sources */ = {isa = PBXBuildFile; fileRef = 6A7CE59140A142FCBA49CFFF /* APPMethodMagic.m */; };
		D5DF4E32C90C4ACE8232FC91 /* GoogleMapsBase.framework in Frameworks */ = {isa = PBXBuildFile; fileRef = D7645582D8344D4B9213CFF0 /* GoogleMapsBase.framework */; };
		D77D404605EA4FCC92492C28 /* sqlite3.c in Sources */ = {isa = PBXBuildFile; fileRef = FA9B9683D69D418B95D48EFD /* sqlite3.c */; settings = {COMPILER_FLAGS = "-w -DSQLITE_THREADSAFE=1 -DSQLITE_DEFAULT_SYNCHRONOUS=3 -DSQLITE_DEFAULT_MEMSTATUS=0 -DSQLITE_OMIT_DECLTYPE -DSQLITE_OMIT_DEPRECATED -DSQLITE_OMIT_PROGRESS_CALLBACK -DSQLITE_OMIT_SHARED_CACHE -DSQLITE_TEMP_STORE=2 -DSQLITE_OMIT_LOAD_EXTENSION -DSQLITE_ENABLE_FTS3 -DSQLITE_ENABLE_FTS3_PARENTHESIS -DSQLITE_ENABLE_FTS4 -DSQLITE_ENABLE_RTREE -DSQLITE_DEFAULT_PAGE_SIZE=4096"; }; };
		E3DF9F6A582145DCB671110D /* CDVCamera.m in Sources */ = {isa = PBXBuildFile; fileRef = CA248658D0DD45508B3006DB /* CDVCamera.m */; };
		EA7DBF529FB44EBDB1251070 /* ImageIO.framework in Frameworks */ = {isa = PBXBuildFile; fileRef = F30570D2B4A24599BB06D320 /* ImageIO.framework */; };
		F598CE51C38F4F898A33C57F /* libc++.tbd in Frameworks */ = {isa = PBXBuildFile; fileRef = 6EB38AEC27454D0E9A3BFAA5 /* libc++.tbd */; };
		FE43EF87ABF74358A72C076C /* SystemConfiguration.framework in Frameworks */ = {isa = PBXBuildFile; fileRef = DCD84A3D02D048B997FC89C6 /* SystemConfiguration.framework */; };
/* End PBXBuildFile section */

/* Begin PBXContainerItemProxy section */
		301BF534109A57CC0062928A /* PBXContainerItemProxy */ = {
			isa = PBXContainerItemProxy;
			containerPortal = 301BF52D109A57CC0062928A /* CordovaLib.xcodeproj */;
			proxyType = 2;
			remoteGlobalIDString = D2AAC07E0554694100DB518D;
			remoteInfo = CordovaLib;
		};
		301BF550109A68C00062928A /* PBXContainerItemProxy */ = {
			isa = PBXContainerItemProxy;
			containerPortal = 301BF52D109A57CC0062928A /* CordovaLib.xcodeproj */;
			proxyType = 1;
			remoteGlobalIDString = D2AAC07D0554694100DB518D;
			remoteInfo = CordovaLib;
		};
		907D8123214C687600058A10 /* PBXContainerItemProxy */ = {
			isa = PBXContainerItemProxy;
			containerPortal = 301BF52D109A57CC0062928A /* CordovaLib.xcodeproj */;
			proxyType = 2;
			remoteGlobalIDString = C0C01EB21E3911D50056E6CB;
			remoteInfo = Cordova;
		};
/* End PBXContainerItemProxy section */

/* Begin PBXFileReference section */
		0207DA571B56EA530066E2B4 /* Images.xcassets */ = {isa = PBXFileReference; lastKnownFileType = folder.assetcatalog; name = Images.xcassets; path = QRDEE/Images.xcassets; sourceTree = SOURCE_ROOT; };
		0A6571D33FAE4C118FDC95DB /* CDVAssetLibraryFilesystem.m */ = {isa = PBXFileReference; explicitFileType = undefined; fileEncoding = 4; includeInIndex = 0; lastKnownFileType = sourcecode.c.objc; name = CDVAssetLibraryFilesystem.m; path = "cordova-plugin-file/CDVAssetLibraryFilesystem.m"; sourceTree = "<group>"; };
		0C932861F69640449039753B /* CDVCamera.h */ = {isa = PBXFileReference; explicitFileType = undefined; fileEncoding = 4; includeInIndex = 0; lastKnownFileType = sourcecode.c.h; name = CDVCamera.h; path = "cordova-plugin-camera/CDVCamera.h"; sourceTree = "<group>"; };
		0F6DF02896D54C0F879C9FB0 /* AudioToolbox.framework */ = {isa = PBXFileReference; explicitFileType = undefined; fileEncoding = 9; includeInIndex = 0; lastKnownFileType = wrapper.framework; name = AudioToolbox.framework; path = System/Library/Frameworks/AudioToolbox.framework; sourceTree = SDKROOT; };
		15D15ACA01DB40F3813CEAA8 /* CDVViewController+SplashScreen.m */ = {isa = PBXFileReference; explicitFileType = undefined; fileEncoding = 4; includeInIndex = 0; lastKnownFileType = sourcecode.c.objc; name = "CDVViewController+SplashScreen.m"; path = "cordova-plugin-splashscreen/CDVViewController+SplashScreen.m"; sourceTree = "<group>"; };
		178956DD869541A99295575F /* WebKit.framework */ = {isa = PBXFileReference; explicitFileType = undefined; fileEncoding = 9; includeInIndex = 0; lastKnownFileType = wrapper.framework; name = WebKit.framework; path = System/Library/Frameworks/WebKit.framework; sourceTree = SDKROOT; };
		18B08AA2EF344D2B9BA55886 /* APPNotificationContent.m */ = {isa = PBXFileReference; explicitFileType = undefined; fileEncoding = 4; includeInIndex = 0; lastKnownFileType = sourcecode.c.objc; name = APPNotificationContent.m; path = "cordova-plugin-local-notification/APPNotificationContent.m"; sourceTree = "<group>"; };
		19273152F6AF4469838D5FF6 /* CDVExif.h */ = {isa = PBXFileReference; explicitFileType = undefined; fileEncoding = 4; includeInIndex = 0; lastKnownFileType = sourcecode.c.h; name = CDVExif.h; path = "cordova-plugin-camera/CDVExif.h"; sourceTree = "<group>"; };
		1AD855CEB16742158D9749CF /* APPNotificationContent.h */ = {isa = PBXFileReference; explicitFileType = undefined; fileEncoding = 4; includeInIndex = 0; lastKnownFileType = sourcecode.c.h; name = APPNotificationContent.h; path = "cordova-plugin-local-notification/APPNotificationContent.h"; sourceTree = "<group>"; };
		1BA2CAEB101B4F1DA4ABCCC2 /* APPBackgroundMode.h */ = {isa = PBXFileReference; explicitFileType = undefined; fileEncoding = 4; includeInIndex = 0; lastKnownFileType = sourcecode.c.h; name = APPBackgroundMode.h; path = "cordova-plugin-background-mode/APPBackgroundMode.h"; sourceTree = "<group>"; };
		1D3623240D0F684500981E51 /* AppDelegate.h */ = {isa = PBXFileReference; fileEncoding = 4; lastKnownFileType = sourcecode.c.h; path = AppDelegate.h; sourceTree = "<group>"; };
		1D3623250D0F684500981E51 /* AppDelegate.m */ = {isa = PBXFileReference; fileEncoding = 4; lastKnownFileType = sourcecode.c.objc; path = AppDelegate.m; sourceTree = "<group>"; };
		1D6058910D05DD3D006BFB54 /* QRDEE.app */ = {isa = PBXFileReference; explicitFileType = wrapper.application; includeInIndex = 0; path = QRDEE.app; sourceTree = BUILT_PRODUCTS_DIR; };
		1F29B2887F95462B8C1FCC50 /* APPLocalNotification.h */ = {isa = PBXFileReference; explicitFileType = undefined; fileEncoding = 4; includeInIndex = 0; lastKnownFileType = sourcecode.c.h; name = APPLocalNotification.h; path = "cordova-plugin-local-notification/APPLocalNotification.h"; sourceTree = "<group>"; };
		210A1BC381EF41B7B5009BBE /* QuartzCore.framework */ = {isa = PBXFileReference; explicitFileType = undefined; fileEncoding = 9; includeInIndex = 0; lastKnownFileType = wrapper.framework; name = QuartzCore.framework; path = System/Library/Frameworks/QuartzCore.framework; sourceTree = SDKROOT; };
		28643CA76582446BA03E97C6 /* CDVLocation.h */ = {isa = PBXFileReference; explicitFileType = undefined; fileEncoding = 4; includeInIndex = 0; lastKnownFileType = sourcecode.c.h; name = CDVLocation.h; path = "cordova-plugin-geolocation/CDVLocation.h"; sourceTree = "<group>"; };
		29B97316FDCFA39411CA2CEA /* main.m */ = {isa = PBXFileReference; fileEncoding = 4; lastKnownFileType = sourcecode.c.objc; path = main.m; sourceTree = "<group>"; };
		301BF52D109A57CC0062928A /* CordovaLib.xcodeproj */ = {isa = PBXFileReference; lastKnownFileType = "wrapper.pb-project"; name = CordovaLib.xcodeproj; path = CordovaLib/CordovaLib.xcodeproj; sourceTree = "<group>"; };
		301BF56E109A69640062928A /* www */ = {isa = PBXFileReference; lastKnownFileType = folder; path = www; sourceTree = SOURCE_ROOT; };
		302D95EE14D2391D003F00A1 /* MainViewController.h */ = {isa = PBXFileReference; fileEncoding = 4; lastKnownFileType = sourcecode.c.h; path = MainViewController.h; sourceTree = "<group>"; };
		302D95EF14D2391D003F00A1 /* MainViewController.m */ = {isa = PBXFileReference; fileEncoding = 4; lastKnownFileType = sourcecode.c.objc; path = MainViewController.m; sourceTree = "<group>"; };
		302D95F014D2391D003F00A1 /* MainViewController.xib */ = {isa = PBXFileReference; fileEncoding = 4; lastKnownFileType = file.xib; path = MainViewController.xib; sourceTree = "<group>"; };
		3047A50F1AB8059700498E2A /* build-debug.xcconfig */ = {isa = PBXFileReference; fileEncoding = 4; lastKnownFileType = text.xcconfig; name = "build-debug.xcconfig"; path = "cordova/build-debug.xcconfig"; sourceTree = SOURCE_ROOT; };
		3047A5101AB8059700498E2A /* build-release.xcconfig */ = {isa = PBXFileReference; fileEncoding = 4; lastKnownFileType = text.xcconfig; name = "build-release.xcconfig"; path = "cordova/build-release.xcconfig"; sourceTree = SOURCE_ROOT; };
		3047A5111AB8059700498E2A /* build.xcconfig */ = {isa = PBXFileReference; fileEncoding = 4; lastKnownFileType = text.xcconfig; name = build.xcconfig; path = cordova/build.xcconfig; sourceTree = SOURCE_ROOT; };
		32CA4F630368D1EE00C91783 /* QRDEE-Prefix.pch */ = {isa = PBXFileReference; fileEncoding = 4; lastKnownFileType = sourcecode.c.h; path = "QRDEE-Prefix.pch"; sourceTree = "<group>"; };
		3A56635A0A8C4FA790A86295 /* SQLitePlugin.h */ = {isa = PBXFileReference; explicitFileType = undefined; fileEncoding = 4; includeInIndex = 0; lastKnownFileType = sourcecode.c.h; name = SQLitePlugin.h; path = "cordova-sqlite-storage/SQLitePlugin.h"; sourceTree = "<group>"; };
		3C4145D1A18241EE868AC0DE /* CDVStatusBar.m */ = {isa = PBXFileReference; explicitFileType = undefined; fileEncoding = 4; includeInIndex = 0; lastKnownFileType = sourcecode.c.objc; name = CDVStatusBar.m; path = "cordova-plugin-statusbar/CDVStatusBar.m"; sourceTree = "<group>"; };
		3CF68BD6E1FC4F45BDE97E35 /* CoreTelephony.framework */ = {isa = PBXFileReference; explicitFileType = undefined; fileEncoding = 9; includeInIndex = 0; lastKnownFileType = wrapper.framework; name = CoreTelephony.framework; path = System/Library/Frameworks/CoreTelephony.framework; sourceTree = SDKROOT; };
		3EA36318354D46798D14230E /* CDVStatusBar.h */ = {isa = PBXFileReference; explicitFileType = undefined; fileEncoding = 4; includeInIndex = 0; lastKnownFileType = sourcecode.c.h; name = CDVStatusBar.h; path = "cordova-plugin-statusbar/CDVStatusBar.h"; sourceTree = "<group>"; };
		4176BF276F1D496197EA7A11 /* CDVWKWebViewEngine.m */ = {isa = PBXFileReference; explicitFileType = undefined; fileEncoding = 4; includeInIndex = 0; lastKnownFileType = sourcecode.c.objc; name = CDVWKWebViewEngine.m; path = "cordova-plugin-ionic-webview/CDVWKWebViewEngine.m"; sourceTree = "<group>"; };
		452741736E774F7F87AF9ACF /* CDVLocalFilesystem.m */ = {isa = PBXFileReference; explicitFileType = undefined; fileEncoding = 4; includeInIndex = 0; lastKnownFileType = sourcecode.c.objc; name = CDVLocalFilesystem.m; path = "cordova-plugin-file/CDVLocalFilesystem.m"; sourceTree = "<group>"; };
		46623D2C236040BE8E6396F2 /* CDVSplashScreen.h */ = {isa = PBXFileReference; explicitFileType = undefined; fileEncoding = 4; includeInIndex = 0; lastKnownFileType = sourcecode.c.h; name = CDVSplashScreen.h; path = "cordova-plugin-splashscreen/CDVSplashScreen.h"; sourceTree = "<group>"; };
		476023FAA4574FB39565B94E /* UserNotifications.framework */ = {isa = PBXFileReference; explicitFileType = undefined; fileEncoding = 9; includeInIndex = 0; lastKnownFileType = wrapper.framework; name = UserNotifications.framework; path = System/Library/Frameworks/UserNotifications.framework; sourceTree = SDKROOT; };
		49A6677AE33142C0BA62CDAA /* CoreLocation.framework */ = {isa = PBXFileReference; explicitFileType = undefined; fileEncoding = 9; includeInIndex = 0; lastKnownFileType = wrapper.framework; name = CoreLocation.framework; path = System/Library/Frameworks/CoreLocation.framework; sourceTree = SDKROOT; };
		4D204787290344129E89B8DD /* CDVWKProcessPoolFactory.m */ = {isa = PBXFileReference; explicitFileType = undefined; fileEncoding = 4; includeInIndex = 0; lastKnownFileType = sourcecode.c.objc; name = CDVWKProcessPoolFactory.m; path = "cordova-plugin-ionic-webview/CDVWKProcessPoolFactory.m"; sourceTree = "<group>"; };
		5990144846F643EA9AD474A0 /* CFCallNumber.m */ = {isa = PBXFileReference; explicitFileType = undefined; fileEncoding = 4; includeInIndex = 0; lastKnownFileType = sourcecode.c.objc; name = CFCallNumber.m; path = mx.ferreyra.callnumber/CFCallNumber.m; sourceTree = "<group>"; };
		599DD823F062440E91FBA29B /* sqlite3.h */ = {isa = PBXFileReference; explicitFileType = undefined; fileEncoding = 4; includeInIndex = 0; lastKnownFileType = sourcecode.c.h; name = sqlite3.h; path = "cordova-sqlite-storage/sqlite3.h"; sourceTree = "<group>"; };
		5C216368ADD04930BE0E19CA /* CDVIonicKeyboard.h */ = {isa = PBXFileReference; explicitFileType = undefined; fileEncoding = 4; includeInIndex = 0; lastKnownFileType = sourcecode.c.h; name = CDVIonicKeyboard.h; path = "cordova-plugin-ionic-keyboard/CDVIonicKeyboard.h"; sourceTree = "<group>"; };
		5E765B6C9B4C440CA2990F6A /* CDVSplashScreen.m */ = {isa = PBXFileReference; explicitFileType = undefined; fileEncoding = 4; includeInIndex = 0; lastKnownFileType = sourcecode.c.objc; name = CDVSplashScreen.m; path = "cordova-plugin-splashscreen/CDVSplashScreen.m"; sourceTree = "<group>"; };
		61A0C7DF55EC43B08D209C01 /* UNNotificationRequest+APPLocalNotification.h */ = {isa = PBXFileReference; explicitFileType = undefined; fileEncoding = 4; includeInIndex = 0; lastKnownFileType = sourcecode.c.h; name = "UNNotificationRequest+APPLocalNotification.h"; path = "cordova-plugin-local-notification/UNNotificationRequest+APPLocalNotification.h"; sourceTree = "<group>"; };
		67CFF98EA1D04B8D941B66FE /* CDVViewController+SplashScreen.h */ = {isa = PBXFileReference; explicitFileType = undefined; fileEncoding = 4; includeInIndex = 0; lastKnownFileType = sourcecode.c.h; name = "CDVViewController+SplashScreen.h"; path = "cordova-plugin-splashscreen/CDVViewController+SplashScreen.h"; sourceTree = "<group>"; };
		689C1417FE8C48419804F6A7 /* PSPDFThreadSafeMutableDictionary.h */ = {isa = PBXFileReference; explicitFileType = undefined; fileEncoding = 4; includeInIndex = 0; lastKnownFileType = sourcecode.c.h; name = PSPDFThreadSafeMutableDictionary.h; path = "cordova-sqlite-storage/PSPDFThreadSafeMutableDictionary.h"; sourceTree = "<group>"; };
		6961DEDDFFEF4EC18F5CF1F8 /* CDVDevice.m */ = {isa = PBXFileReference; explicitFileType = undefined; fileEncoding = 4; includeInIndex = 0; lastKnownFileType = sourcecode.c.objc; name = CDVDevice.m; path = "cordova-plugin-device/CDVDevice.m"; sourceTree = "<group>"; };
		6A56009284314EF48E92F0A3 /* UNUserNotificationCenter+APPLocalNotification.h */ = {isa = PBXFileReference; explicitFileType = undefined; fileEncoding = 4; includeInIndex = 0; lastKnownFileType = sourcecode.c.h; name = "UNUserNotificationCenter+APPLocalNotification.h"; path = "cordova-plugin-local-notification/UNUserNotificationCenter+APPLocalNotification.h"; sourceTree = "<group>"; };
		6A7CE59140A142FCBA49CFFF /* APPMethodMagic.m */ = {isa = PBXFileReference; explicitFileType = undefined; fileEncoding = 4; includeInIndex = 0; lastKnownFileType = sourcecode.c.objc; name = APPMethodMagic.m; path = "cordova-plugin-background-mode/APPMethodMagic.m"; sourceTree = "<group>"; };
		6AFF5BF81D6E424B00AB3073 /* CDVLaunchScreen.storyboard */ = {isa = PBXFileReference; fileEncoding = 4; lastKnownFileType = file.storyboard; name = CDVLaunchScreen.storyboard; path = QRDEE/CDVLaunchScreen.storyboard; sourceTree = SOURCE_ROOT; };
		6BBF725AC84D457DB451AC76 /* Accelerate.framework */ = {isa = PBXFileReference; explicitFileType = undefined; fileEncoding = 9; includeInIndex = 0; lastKnownFileType = wrapper.framework; name = Accelerate.framework; path = System/Library/Frameworks/Accelerate.framework; sourceTree = SDKROOT; };
		6EB38AEC27454D0E9A3BFAA5 /* libc++.tbd */ = {isa = PBXFileReference; explicitFileType = undefined; fileEncoding = 9; includeInIndex = 0; lastKnownFileType = "sourcecode.text-based-dylib-definition"; name = "libc++.tbd"; path = "usr/lib/libc++.tbd"; sourceTree = SDKROOT; };
		72EBF73B0EB54F298A3C3E4D /* CoreData.framework */ = {isa = PBXFileReference; explicitFileType = undefined; fileEncoding = 9; includeInIndex = 0; lastKnownFileType = wrapper.framework; name = CoreData.framework; path = System/Library/Frameworks/CoreData.framework; sourceTree = SDKROOT; };
		739B7D3E2B04452CB7EE78F3 /* AVFoundation.framework */ = {isa = PBXFileReference; explicitFileType = undefined; fileEncoding = 9; includeInIndex = 0; lastKnownFileType = wrapper.framework; name = AVFoundation.framework; path = System/Library/Frameworks/AVFoundation.framework; sourceTree = SDKROOT; };
		73F77F6BE90943079ECBD11D /* GoogleMapsCore.framework */ = {isa = PBXFileReference; explicitFileType = undefined; fileEncoding = 9; includeInIndex = 0; lastKnownFileType = wrapper.framework; name = GoogleMapsCore.framework; path = QRDEE/Plugins/com.googlemaps.ios/GoogleMapsCore.framework; sourceTree = "<group>"; };
		7482C0F5DDE74EE284D4F5EF /* APPMethodMagic.h */ = {isa = PBXFileReference; explicitFileType = undefined; fileEncoding = 4; includeInIndex = 0; lastKnownFileType = sourcecode.c.h; name = APPMethodMagic.h; path = "cordova-plugin-background-mode/APPMethodMagic.h"; sourceTree = "<group>"; };
		77134C02C055AC2797A3F4D0 /* libPods-QRDEE.a */ = {isa = PBXFileReference; explicitFileType = archive.ar; includeInIndex = 0; path = "libPods-QRDEE.a"; sourceTree = BUILT_PRODUCTS_DIR; };
		776B4106713C4F539409230C /* CDVIonicKeyboard.m */ = {isa = PBXFileReference; explicitFileType = undefined; fileEncoding = 4; includeInIndex = 0; lastKnownFileType = sourcecode.c.objc; name = CDVIonicKeyboard.m; path = "cordova-plugin-ionic-keyboard/CDVIonicKeyboard.m"; sourceTree = "<group>"; };
		7AACC22740E146B58FA19524 /* CDVAssetLibraryFilesystem.h */ = {isa = PBXFileReference; explicitFileType = undefined; fileEncoding = 4; includeInIndex = 0; lastKnownFileType = sourcecode.c.h; name = CDVAssetLibraryFilesystem.h; path = "cordova-plugin-file/CDVAssetLibraryFilesystem.h"; sourceTree = "<group>"; };
		859D6DD35CE4D971E4BC4ADC /* Pods-QRDEE.debug.xcconfig */ = {isa = PBXFileReference; includeInIndex = 1; lastKnownFileType = text.xcconfig; name = "Pods-QRDEE.debug.xcconfig"; path = "Target Support Files/Pods-QRDEE/Pods-QRDEE.debug.xcconfig"; sourceTree = "<group>"; };
		86FE249B4FED4C0698F02ED5 /* GLKit.framework */ = {isa = PBXFileReference; explicitFileType = undefined; fileEncoding = 9; includeInIndex = 0; lastKnownFileType = wrapper.framework; name = GLKit.framework; path = System/Library/Frameworks/GLKit.framework; sourceTree = SDKROOT; };
		8BCA519C4EEE4DE4ADF708E3 /* APPNotificationOptions.m */ = {isa = PBXFileReference; explicitFileType = undefined; fileEncoding = 4; includeInIndex = 0; lastKnownFileType = sourcecode.c.objc; name = APPNotificationOptions.m; path = "cordova-plugin-local-notification/APPNotificationOptions.m"; sourceTree = "<group>"; };
		8D1107310486CEB800E47090 /* QRDEE-Info.plist */ = {isa = PBXFileReference; fileEncoding = 4; lastKnownFileType = text.plist.xml; name = "QRDEE-Info.plist"; path = "QRDEE/QRDEE-Info.plist"; plistStructureDefinitionIdentifier = "com.apple.xcode.plist.structure-definition.iphone.info-plist"; sourceTree = SOURCE_ROOT; };
		9546C12857264939AB0107D4 /* CDVJpegHeaderWriter.h */ = {isa = PBXFileReference; explicitFileType = undefined; fileEncoding = 4; includeInIndex = 0; lastKnownFileType = sourcecode.c.h; name = CDVJpegHeaderWriter.h; path = "cordova-plugin-camera/CDVJpegHeaderWriter.h"; sourceTree = "<group>"; };
		955FC75848A04D6582299F00 /* appbeep.wav */ = {isa = PBXFileReference; explicitFileType = undefined; fileEncoding = undefined; includeInIndex = 0; lastKnownFileType = unknown; name = appbeep.wav; path = appbeep.wav; sourceTree = "<group>"; };
		974142596E4644FBA6AEC4B0 /* CDVBarcodeScanner.mm */ = {isa = PBXFileReference; explicitFileType = undefined; fileEncoding = 9; includeInIndex = 0; lastKnownFileType = unknown; name = CDVBarcodeScanner.mm; path = "phonegap-plugin-barcodescanner/CDVBarcodeScanner.mm"; sourceTree = "<group>"; };
		97A07D7E81694972BF76517D /* SQLitePlugin.m */ = {isa = PBXFileReference; explicitFileType = undefined; fileEncoding = 4; includeInIndex = 0; lastKnownFileType = sourcecode.c.objc; name = SQLitePlugin.m; path = "cordova-sqlite-storage/SQLitePlugin.m"; sourceTree = "<group>"; };
		99684B63359D4438B05B1FA6 /* CoreText.framework */ = {isa = PBXFileReference; explicitFileType = undefined; fileEncoding = 9; includeInIndex = 0; lastKnownFileType = wrapper.framework; name = CoreText.framework; path = System/Library/Frameworks/CoreText.framework; sourceTree = SDKROOT; };
		9AC503AA620F4AB2B145CB60 /* GoogleMaps.bundle */ = {isa = PBXFileReference; explicitFileType = undefined; fileEncoding = 9; includeInIndex = 0; lastKnownFileType = "wrapper.plug-in"; path = GoogleMaps.bundle; sourceTree = "<group>"; };
		9B52B93E36114B0187465638 /* CDVBarcodeScanner.bundle */ = {isa = PBXFileReference; explicitFileType = undefined; fileEncoding = 9; includeInIndex = 0; lastKnownFileType = "wrapper.plug-in"; path = CDVBarcodeScanner.bundle; sourceTree = "<group>"; };
		9C24BE3BEFDD4A3CA87161ED /* CFCallNumber.h */ = {isa = PBXFileReference; explicitFileType = undefined; fileEncoding = 4; includeInIndex = 0; lastKnownFileType = sourcecode.c.h; name = CFCallNumber.h; path = mx.ferreyra.callnumber/CFCallNumber.h; sourceTree = "<group>"; };
		9FFA41A98D5942BFA5B8270A /* IONAssetHandler.m */ = {isa = PBXFileReference; explicitFileType = undefined; fileEncoding = 4; includeInIndex = 0; lastKnownFileType = sourcecode.c.objc; name = IONAssetHandler.m; path = "cordova-plugin-ionic-webview/IONAssetHandler.m"; sourceTree = "<group>"; };
		A641E6231D11469990F36F4D /* APPLocalNotification.m */ = {isa = PBXFileReference; explicitFileType = undefined; fileEncoding = 4; includeInIndex = 0; lastKnownFileType = sourcecode.c.objc; name = APPLocalNotification.m; path = "cordova-plugin-local-notification/APPLocalNotification.m"; sourceTree = "<group>"; };
		B2DD5BDDFB444027B704C202 /* GoogleMaps.framework */ = {isa = PBXFileReference; explicitFileType = undefined; fileEncoding = 9; includeInIndex = 0; lastKnownFileType = wrapper.framework; name = GoogleMaps.framework; path = QRDEE/Plugins/com.googlemaps.ios/GoogleMaps.framework; sourceTree = "<group>"; };
		B48EE4F96D844B70AD45A063 /* libz.tbd */ = {isa = PBXFileReference; explicitFileType = undefined; fileEncoding = 9; includeInIndex = 0; lastKnownFileType = "sourcecode.text-based-dylib-definition"; name = libz.tbd; path = usr/lib/libz.tbd; sourceTree = SDKROOT; };
		B6CE7C78537641519B82E3A4 /* APPBadge.h */ = {isa = PBXFileReference; explicitFileType = undefined; fileEncoding = 4; includeInIndex = 0; lastKnownFileType = sourcecode.c.h; name = APPBadge.h; path = "cordova-plugin-badge/APPBadge.h"; sourceTree = "<group>"; };
		B70678F39B4941208EF2E47B /* UNNotificationRequest+APPLocalNotification.m */ = {isa = PBXFileReference; explicitFileType = undefined; fileEncoding = 4; includeInIndex = 0; lastKnownFileType = sourcecode.c.objc; name = "UNNotificationRequest+APPLocalNotification.m"; path = "cordova-plugin-local-notification/UNNotificationRequest+APPLocalNotification.m"; sourceTree = "<group>"; };
		B7F4F9242DB746EEAD2B4E2F /* IONAssetHandler.h */ = {isa = PBXFileReference; explicitFileType = undefined; fileEncoding = 4; includeInIndex = 0; lastKnownFileType = sourcecode.c.h; name = IONAssetHandler.h; path = "cordova-plugin-ionic-webview/IONAssetHandler.h"; sourceTree = "<group>"; };
		BD66B1D73DDD46BA9F939820 /* APPBadge.m */ = {isa = PBXFileReference; explicitFileType = undefined; fileEncoding = 4; includeInIndex = 0; lastKnownFileType = sourcecode.c.objc; name = APPBadge.m; path = "cordova-plugin-badge/APPBadge.m"; sourceTree = "<group>"; };
		C15F1B48BE624ED4B7029C75 /* OpenGLES.framework */ = {isa = PBXFileReference; explicitFileType = undefined; fileEncoding = 9; includeInIndex = 0; lastKnownFileType = wrapper.framework; name = OpenGLES.framework; path = System/Library/Frameworks/OpenGLES.framework; sourceTree = SDKROOT; };
		C1C105A278AA4E58B3F6A4BE /* CDVWKProcessPoolFactory.h */ = {isa = PBXFileReference; explicitFileType = undefined; fileEncoding = 4; includeInIndex = 0; lastKnownFileType = sourcecode.c.h; name = CDVWKProcessPoolFactory.h; path = "cordova-plugin-ionic-webview/CDVWKProcessPoolFactory.h"; sourceTree = "<group>"; };
		C1FC46B2DA2647D288B2B3A4 /* UNUserNotificationCenter+APPLocalNotification.m */ = {isa = PBXFileReference; explicitFileType = undefined; fileEncoding = 4; includeInIndex = 0; lastKnownFileType = sourcecode.c.objc; name = "UNUserNotificationCenter+APPLocalNotification.m"; path = "cordova-plugin-local-notification/UNUserNotificationCenter+APPLocalNotification.m"; sourceTree = "<group>"; };
		CA248658D0DD45508B3006DB /* CDVCamera.m */ = {isa = PBXFileReference; explicitFileType = undefined; fileEncoding = 4; includeInIndex = 0; lastKnownFileType = sourcecode.c.objc; name = CDVCamera.m; path = "cordova-plugin-camera/CDVCamera.m"; sourceTree = "<group>"; };
		CB061452F25C48288DDC41E0 /* CDVFile.h */ = {isa = PBXFileReference; explicitFileType = undefined; fileEncoding = 4; includeInIndex = 0; lastKnownFileType = sourcecode.c.h; name = CDVFile.h; path = "cordova-plugin-file/CDVFile.h"; sourceTree = "<group>"; };
		D0CCD4A204994341BD29D7AD /* UIImage+CropScaleOrientation.h */ = {isa = PBXFileReference; explicitFileType = undefined; fileEncoding = 4; includeInIndex = 0; lastKnownFileType = sourcecode.c.h; name = "UIImage+CropScaleOrientation.h"; path = "cordova-plugin-camera/UIImage+CropScaleOrientation.h"; sourceTree = "<group>"; };
		D7645582D8344D4B9213CFF0 /* GoogleMapsBase.framework */ = {isa = PBXFileReference; explicitFileType = undefined; fileEncoding = 9; includeInIndex = 0; lastKnownFileType = wrapper.framework; name = GoogleMapsBase.framework; path = QRDEE/Plugins/com.googlemaps.ios/GoogleMapsBase.framework; sourceTree = "<group>"; };
		D977CFC765389EE2B9FC1ADD /* Pods-QRDEE.release.xcconfig */ = {isa = PBXFileReference; includeInIndex = 1; lastKnownFileType = text.xcconfig; name = "Pods-QRDEE.release.xcconfig"; path = "Target Support Files/Pods-QRDEE/Pods-QRDEE.release.xcconfig"; sourceTree = "<group>"; };
		DAEC871EDD2F4D37911B7248 /* APPBackgroundMode.m */ = {isa = PBXFileReference; explicitFileType = undefined; fileEncoding = 4; includeInIndex = 0; lastKnownFileType = sourcecode.c.objc; name = APPBackgroundMode.m; path = "cordova-plugin-background-mode/APPBackgroundMode.m"; sourceTree = "<group>"; };
		DC367C2ABA5C46F0824DDF1B /* CDVDevice.h */ = {isa = PBXFileReference; explicitFileType = undefined; fileEncoding = 4; includeInIndex = 0; lastKnownFileType = sourcecode.c.h; name = CDVDevice.h; path = "cordova-plugin-device/CDVDevice.h"; sourceTree = "<group>"; };
		DCD84A3D02D048B997FC89C6 /* SystemConfiguration.framework */ = {isa = PBXFileReference; explicitFileType = undefined; fileEncoding = 9; includeInIndex = 0; lastKnownFileType = wrapper.framework; name = SystemConfiguration.framework; path = System/Library/Frameworks/SystemConfiguration.framework; sourceTree = SDKROOT; };
		DF2581CD807E4CD6ACD60B76 /* CDVFile.m */ = {isa = PBXFileReference; explicitFileType = undefined; fileEncoding = 4; includeInIndex = 0; lastKnownFileType = sourcecode.c.objc; name = CDVFile.m; path = "cordova-plugin-file/CDVFile.m"; sourceTree = "<group>"; };
		E0C3C71B05D5487DB4C32B96 /* CDVWKWebViewEngine.h */ = {isa = PBXFileReference; explicitFileType = undefined; fileEncoding = 4; includeInIndex = 0; lastKnownFileType = sourcecode.c.h; name = CDVWKWebViewEngine.h; path = "cordova-plugin-ionic-webview/CDVWKWebViewEngine.h"; sourceTree = "<group>"; };
		E16C52EE3144469BB3DE1972 /* CDVWKWebViewUIDelegate.m */ = {isa = PBXFileReference; explicitFileType = undefined; fileEncoding = 4; includeInIndex = 0; lastKnownFileType = sourcecode.c.objc; name = CDVWKWebViewUIDelegate.m; path = "cordova-plugin-ionic-webview/CDVWKWebViewUIDelegate.m"; sourceTree = "<group>"; };
		E42BBECF0ED541D498C7DE1F /* UIKit.framework */ = {isa = PBXFileReference; explicitFileType = undefined; fileEncoding = 9; includeInIndex = 0; lastKnownFileType = wrapper.framework; name = UIKit.framework; path = System/Library/Frameworks/UIKit.framework; sourceTree = SDKROOT; };
		E4EAA727529F4E35B5567AFE /* scannerOverlay.xib */ = {isa = PBXFileReference; explicitFileType = undefined; fileEncoding = 9; includeInIndex = 0; lastKnownFileType = file.xib; path = scannerOverlay.xib; sourceTree = "<group>"; };
		E5A705CF92824A16A37FF231 /* APPNotificationOptions.h */ = {isa = PBXFileReference; explicitFileType = undefined; fileEncoding = 4; includeInIndex = 0; lastKnownFileType = sourcecode.c.h; name = APPNotificationOptions.h; path = "cordova-plugin-local-notification/APPNotificationOptions.h"; sourceTree = "<group>"; };
		E88FBE252BDB46BD91977E43 /* CDVLocation.m */ = {isa = PBXFileReference; explicitFileType = undefined; fileEncoding = 4; includeInIndex = 0; lastKnownFileType = sourcecode.c.objc; name = CDVLocation.m; path = "cordova-plugin-geolocation/CDVLocation.m"; sourceTree = "<group>"; };
		EB87FDF31871DA8E0020F90C /* www */ = {isa = PBXFileReference; lastKnownFileType = folder; name = www; path = ../../www; sourceTree = "<group>"; };
		EB87FDF41871DAF40020F90C /* config.xml */ = {isa = PBXFileReference; lastKnownFileType = text.xml; name = config.xml; path = ../../config.xml; sourceTree = "<group>"; };
		ED33DF2A687741AEAF9F8254 /* Bridging-Header.h */ = {isa = PBXFileReference; fileEncoding = 4; lastKnownFileType = sourcecode.c.h; path = "Bridging-Header.h"; sourceTree = "<group>"; };
		F30570D2B4A24599BB06D320 /* ImageIO.framework */ = {isa = PBXFileReference; explicitFileType = undefined; fileEncoding = 9; includeInIndex = 0; lastKnownFileType = wrapper.framework; name = ImageIO.framework; path = System/Library/Frameworks/ImageIO.framework; sourceTree = SDKROOT; };
		F81A7A0B7634449F902133B1 /* PSPDFThreadSafeMutableDictionary.m */ = {isa = PBXFileReference; explicitFileType = undefined; fileEncoding = 4; includeInIndex = 0; lastKnownFileType = sourcecode.c.objc; name = PSPDFThreadSafeMutableDictionary.m; path = "cordova-sqlite-storage/PSPDFThreadSafeMutableDictionary.m"; sourceTree = "<group>"; };
		F840E1F0165FE0F500CFE078 /* config.xml */ = {isa = PBXFileReference; lastKnownFileType = text.xml; name = config.xml; path = QRDEE/config.xml; sourceTree = "<group>"; };
		F8828520C7DA408FA3E8F052 /* CDVWKWebViewUIDelegate.h */ = {isa = PBXFileReference; explicitFileType = undefined; fileEncoding = 4; includeInIndex = 0; lastKnownFileType = sourcecode.c.h; name = CDVWKWebViewUIDelegate.h; path = "cordova-plugin-ionic-webview/CDVWKWebViewUIDelegate.h"; sourceTree = "<group>"; };
		FA9B9683D69D418B95D48EFD /* sqlite3.c */ = {isa = PBXFileReference; explicitFileType = undefined; fileEncoding = 9; includeInIndex = 0; lastKnownFileType = unknown; name = sqlite3.c; path = "cordova-sqlite-storage/sqlite3.c"; sourceTree = "<group>"; };
		FB2BDD8BB00C43A786A7FA04 /* CDVJpegHeaderWriter.m */ = {isa = PBXFileReference; explicitFileType = undefined; fileEncoding = 4; includeInIndex = 0; lastKnownFileType = sourcecode.c.objc; name = CDVJpegHeaderWriter.m; path = "cordova-plugin-camera/CDVJpegHeaderWriter.m"; sourceTree = "<group>"; };
		FC15093D512540BEA4C75DC1 /* CoreImage.framework */ = {isa = PBXFileReference; explicitFileType = undefined; fileEncoding = 9; includeInIndex = 0; lastKnownFileType = wrapper.framework; name = CoreImage.framework; path = System/Library/Frameworks/CoreImage.framework; sourceTree = SDKROOT; };
		FE7AFCF33D99484CA4454EEE /* CDVLocalFilesystem.h */ = {isa = PBXFileReference; explicitFileType = undefined; fileEncoding = 4; includeInIndex = 0; lastKnownFileType = sourcecode.c.h; name = CDVLocalFilesystem.h; path = "cordova-plugin-file/CDVLocalFilesystem.h"; sourceTree = "<group>"; };
		FEB572C0130E4D3CAC7842F8 /* UIImage+CropScaleOrientation.m */ = {isa = PBXFileReference; explicitFileType = undefined; fileEncoding = 4; includeInIndex = 0; lastKnownFileType = sourcecode.c.objc; name = "UIImage+CropScaleOrientation.m"; path = "cordova-plugin-camera/UIImage+CropScaleOrientation.m"; sourceTree = "<group>"; };
/* End PBXFileReference section */

/* Begin PBXFrameworksBuildPhase section */
		1D60588F0D05DD3D006BFB54 /* Frameworks */ = {
			isa = PBXFrameworksBuildPhase;
			buildActionMask = 2147483647;
			files = (
				301BF552109A68D80062928A /* libCordova.a in Frameworks */,
				376BE1CCD0B24295ADAE9058 /* Accelerate.framework in Frameworks */,
				49DD70ECD9944B5686A6FD88 /* CoreData.framework in Frameworks */,
				55B10B0B834E444988CBE3D0 /* CoreLocation.framework in Frameworks */,
				4C9C2560704648718BB3BD6D /* CoreTelephony.framework in Frameworks */,
				746326FDBC2A4F2193F1EF59 /* CoreText.framework in Frameworks */,
				0FE53B0BDB7045B9B397ECD6 /* CoreImage.framework in Frameworks */,
				5923B105E63D4F9286550F05 /* GLKit.framework in Frameworks */,
				EA7DBF529FB44EBDB1251070 /* ImageIO.framework in Frameworks */,
				F598CE51C38F4F898A33C57F /* libc++.tbd in Frameworks */,
				8717154DD7FD48308C3BBF30 /* libz.tbd in Frameworks */,
				19B2DBE412934A4493FD8075 /* OpenGLES.framework in Frameworks */,
				0A7F71ABEB794D899C8B46F9 /* QuartzCore.framework in Frameworks */,
				FE43EF87ABF74358A72C076C /* SystemConfiguration.framework in Frameworks */,
				0BD7A801C2B14FEB9049367B /* UIKit.framework in Frameworks */,
				D5DF4E32C90C4ACE8232FC91 /* GoogleMapsBase.framework in Frameworks */,
				6D0152426D5F41EDA7B3449D /* GoogleMaps.framework in Frameworks */,
				2CE551C3BAFE4C888019B6CC /* GoogleMapsCore.framework in Frameworks */,
				557524DA77FA4F7393309F4F /* AVFoundation.framework in Frameworks */,
				55C27D54D7BD4D3C86BE5E70 /* AudioToolbox.framework in Frameworks */,
				19CF77769E7F4A9CB0650D61 /* WebKit.framework in Frameworks */,
				5F33354451F94BAFBCF6D461 /* UserNotifications.framework in Frameworks */,
				6C1CE2435CAFCB6DD33D0C89 /* libPods-QRDEE.a in Frameworks */,
			);
			runOnlyForDeploymentPostprocessing = 0;
		};
/* End PBXFrameworksBuildPhase section */

/* Begin PBXGroup section */
		080E96DDFE201D6D7F000001 /* Classes */ = {
			isa = PBXGroup;
			children = (
				302D95EE14D2391D003F00A1 /* MainViewController.h */,
				302D95EF14D2391D003F00A1 /* MainViewController.m */,
				302D95F014D2391D003F00A1 /* MainViewController.xib */,
				1D3623240D0F684500981E51 /* AppDelegate.h */,
				1D3623250D0F684500981E51 /* AppDelegate.m */,
			);
			name = Classes;
			path = QRDEE/Classes;
			sourceTree = SOURCE_ROOT;
		};
		19C28FACFE9D520D11CA2CBB /* Products */ = {
			isa = PBXGroup;
			children = (
				1D6058910D05DD3D006BFB54 /* QRDEE.app */,
			);
			name = Products;
			sourceTree = "<group>";
		};
		1A6D8ACE87AAF42DBF91A007 /* Pods */ = {
			isa = PBXGroup;
			children = (
				859D6DD35CE4D971E4BC4ADC /* Pods-QRDEE.debug.xcconfig */,
				D977CFC765389EE2B9FC1ADD /* Pods-QRDEE.release.xcconfig */,
			);
			name = Pods;
			path = Pods;
			sourceTree = "<group>";
		};
		29B97314FDCFA39411CA2CEA = {
			isa = PBXGroup;
			children = (
				EB87FDF41871DAF40020F90C /* config.xml */,
				EB87FDF31871DA8E0020F90C /* www */,
				EB87FDF11871DA420020F90C /* Staging */,
				301BF52D109A57CC0062928A /* CordovaLib.xcodeproj */,
				080E96DDFE201D6D7F000001 /* Classes */,
				307C750510C5A3420062BCA9 /* Plugins */,
				29B97315FDCFA39411CA2CEA /* Other Sources */,
				29B97317FDCFA39411CA2CEA /* Resources */,
				29B97323FDCFA39411CA2CEA /* Frameworks */,
				19C28FACFE9D520D11CA2CBB /* Products */,
				1A6D8ACE87AAF42DBF91A007 /* Pods */,
			);
			name = CustomTemplate;
			sourceTree = "<group>";
		};
		29B97315FDCFA39411CA2CEA /* Other Sources */ = {
			isa = PBXGroup;
			children = (
				32CA4F630368D1EE00C91783 /* QRDEE-Prefix.pch */,
				29B97316FDCFA39411CA2CEA /* main.m */,
				ED33DF2A687741AEAF9F8254 /* Bridging-Header.h */,
			);
			name = "Other Sources";
			path = QRDEE;
			sourceTree = "<group>";
		};
		29B97317FDCFA39411CA2CEA /* Resources */ = {
			isa = PBXGroup;
			children = (
				0207DA571B56EA530066E2B4 /* Images.xcassets */,
				3047A50E1AB8057F00498E2A /* config */,
				8D1107310486CEB800E47090 /* QRDEE-Info.plist */,
				6AFF5BF81D6E424B00AB3073 /* CDVLaunchScreen.storyboard */,
				9AC503AA620F4AB2B145CB60 /* GoogleMaps.bundle */,
				E4EAA727529F4E35B5567AFE /* scannerOverlay.xib */,
				9B52B93E36114B0187465638 /* CDVBarcodeScanner.bundle */,
				955FC75848A04D6582299F00 /* appbeep.wav */,
			);
			name = Resources;
			path = QRDEE/Resources;
			sourceTree = "<group>";
		};
		29B97323FDCFA39411CA2CEA /* Frameworks */ = {
			isa = PBXGroup;
			children = (
				6BBF725AC84D457DB451AC76 /* Accelerate.framework */,
				72EBF73B0EB54F298A3C3E4D /* CoreData.framework */,
				49A6677AE33142C0BA62CDAA /* CoreLocation.framework */,
				3CF68BD6E1FC4F45BDE97E35 /* CoreTelephony.framework */,
				99684B63359D4438B05B1FA6 /* CoreText.framework */,
				FC15093D512540BEA4C75DC1 /* CoreImage.framework */,
				86FE249B4FED4C0698F02ED5 /* GLKit.framework */,
				F30570D2B4A24599BB06D320 /* ImageIO.framework */,
				6EB38AEC27454D0E9A3BFAA5 /* libc++.tbd */,
				B48EE4F96D844B70AD45A063 /* libz.tbd */,
				C15F1B48BE624ED4B7029C75 /* OpenGLES.framework */,
				210A1BC381EF41B7B5009BBE /* QuartzCore.framework */,
				DCD84A3D02D048B997FC89C6 /* SystemConfiguration.framework */,
				E42BBECF0ED541D498C7DE1F /* UIKit.framework */,
				D7645582D8344D4B9213CFF0 /* GoogleMapsBase.framework */,
				B2DD5BDDFB444027B704C202 /* GoogleMaps.framework */,
				73F77F6BE90943079ECBD11D /* GoogleMapsCore.framework */,
				739B7D3E2B04452CB7EE78F3 /* AVFoundation.framework */,
				0F6DF02896D54C0F879C9FB0 /* AudioToolbox.framework */,
				178956DD869541A99295575F /* WebKit.framework */,
				476023FAA4574FB39565B94E /* UserNotifications.framework */,
				77134C02C055AC2797A3F4D0 /* libPods-QRDEE.a */,
			);
			name = Frameworks;
			sourceTree = "<group>";
		};
		301BF52E109A57CC0062928A /* Products */ = {
			isa = PBXGroup;
			children = (
				301BF535109A57CC0062928A /* libCordova.a */,
				907D8124214C687600058A10 /* Cordova.framework */,
			);
			name = Products;
			sourceTree = "<group>";
		};
		3047A50E1AB8057F00498E2A /* config */ = {
			isa = PBXGroup;
			children = (
				3047A50F1AB8059700498E2A /* build-debug.xcconfig */,
				3047A5101AB8059700498E2A /* build-release.xcconfig */,
				3047A5111AB8059700498E2A /* build.xcconfig */,
			);
			name = config;
			sourceTree = "<group>";
		};
		307C750510C5A3420062BCA9 /* Plugins */ = {
			isa = PBXGroup;
			children = (
				FEB572C0130E4D3CAC7842F8 /* UIImage+CropScaleOrientation.m */,
				CA248658D0DD45508B3006DB /* CDVCamera.m */,
				FB2BDD8BB00C43A786A7FA04 /* CDVJpegHeaderWriter.m */,
				D0CCD4A204994341BD29D7AD /* UIImage+CropScaleOrientation.h */,
				0C932861F69640449039753B /* CDVCamera.h */,
				9546C12857264939AB0107D4 /* CDVJpegHeaderWriter.h */,
				19273152F6AF4469838D5FF6 /* CDVExif.h */,
				6961DEDDFFEF4EC18F5CF1F8 /* CDVDevice.m */,
				DC367C2ABA5C46F0824DDF1B /* CDVDevice.h */,
				DF2581CD807E4CD6ACD60B76 /* CDVFile.m */,
				452741736E774F7F87AF9ACF /* CDVLocalFilesystem.m */,
				0A6571D33FAE4C118FDC95DB /* CDVAssetLibraryFilesystem.m */,
				CB061452F25C48288DDC41E0 /* CDVFile.h */,
				FE7AFCF33D99484CA4454EEE /* CDVLocalFilesystem.h */,
				7AACC22740E146B58FA19524 /* CDVAssetLibraryFilesystem.h */,
				E88FBE252BDB46BD91977E43 /* CDVLocation.m */,
				28643CA76582446BA03E97C6 /* CDVLocation.h */,
				776B4106713C4F539409230C /* CDVIonicKeyboard.m */,
				5C216368ADD04930BE0E19CA /* CDVIonicKeyboard.h */,
				5E765B6C9B4C440CA2990F6A /* CDVSplashScreen.m */,
				15D15ACA01DB40F3813CEAA8 /* CDVViewController+SplashScreen.m */,
				46623D2C236040BE8E6396F2 /* CDVSplashScreen.h */,
				67CFF98EA1D04B8D941B66FE /* CDVViewController+SplashScreen.h */,
				3C4145D1A18241EE868AC0DE /* CDVStatusBar.m */,
				3EA36318354D46798D14230E /* CDVStatusBar.h */,
				97A07D7E81694972BF76517D /* SQLitePlugin.m */,
				F81A7A0B7634449F902133B1 /* PSPDFThreadSafeMutableDictionary.m */,
				FA9B9683D69D418B95D48EFD /* sqlite3.c */,
				3A56635A0A8C4FA790A86295 /* SQLitePlugin.h */,
				689C1417FE8C48419804F6A7 /* PSPDFThreadSafeMutableDictionary.h */,
				599DD823F062440E91FBA29B /* sqlite3.h */,
				5990144846F643EA9AD474A0 /* CFCallNumber.m */,
				9C24BE3BEFDD4A3CA87161ED /* CFCallNumber.h */,
				974142596E4644FBA6AEC4B0 /* CDVBarcodeScanner.mm */,
				4176BF276F1D496197EA7A11 /* CDVWKWebViewEngine.m */,
				E16C52EE3144469BB3DE1972 /* CDVWKWebViewUIDelegate.m */,
				4D204787290344129E89B8DD /* CDVWKProcessPoolFactory.m */,
				9FFA41A98D5942BFA5B8270A /* IONAssetHandler.m */,
				E0C3C71B05D5487DB4C32B96 /* CDVWKWebViewEngine.h */,
				F8828520C7DA408FA3E8F052 /* CDVWKWebViewUIDelegate.h */,
				C1C105A278AA4E58B3F6A4BE /* CDVWKProcessPoolFactory.h */,
				B7F4F9242DB746EEAD2B4E2F /* IONAssetHandler.h */,
				BD66B1D73DDD46BA9F939820 /* APPBadge.m */,
				B6CE7C78537641519B82E3A4 /* APPBadge.h */,
				A641E6231D11469990F36F4D /* APPLocalNotification.m */,
				18B08AA2EF344D2B9BA55886 /* APPNotificationContent.m */,
				8BCA519C4EEE4DE4ADF708E3 /* APPNotificationOptions.m */,
				C1FC46B2DA2647D288B2B3A4 /* UNUserNotificationCenter+APPLocalNotification.m */,
				B70678F39B4941208EF2E47B /* UNNotificationRequest+APPLocalNotification.m */,
				1F29B2887F95462B8C1FCC50 /* APPLocalNotification.h */,
				1AD855CEB16742158D9749CF /* APPNotificationContent.h */,
				E5A705CF92824A16A37FF231 /* APPNotificationOptions.h */,
				6A56009284314EF48E92F0A3 /* UNUserNotificationCenter+APPLocalNotification.h */,
				61A0C7DF55EC43B08D209C01 /* UNNotificationRequest+APPLocalNotification.h */,
				DAEC871EDD2F4D37911B7248 /* APPBackgroundMode.m */,
				6A7CE59140A142FCBA49CFFF /* APPMethodMagic.m */,
				1BA2CAEB101B4F1DA4ABCCC2 /* APPBackgroundMode.h */,
				7482C0F5DDE74EE284D4F5EF /* APPMethodMagic.h */,
			);
			name = Plugins;
			path = QRDEE/Plugins;
			sourceTree = SOURCE_ROOT;
		};
		EB87FDF11871DA420020F90C /* Staging */ = {
			isa = PBXGroup;
			children = (
				F840E1F0165FE0F500CFE078 /* config.xml */,
				301BF56E109A69640062928A /* www */,
			);
			name = Staging;
			sourceTree = "<group>";
		};
/* End PBXGroup section */

/* Begin PBXNativeTarget section */
		1D6058900D05DD3D006BFB54 /* QRDEE */ = {
			isa = PBXNativeTarget;
			buildConfigurationList = 1D6058960D05DD3E006BFB54 /* Build configuration list for PBXNativeTarget "QRDEE" */;
			buildPhases = (
				FECDE5F65359DEDAF783D6F0 /* [CP] Check Pods Manifest.lock */,
				304B58A110DAC018002A0835 /* Copy www directory */,
				1D60588D0D05DD3D006BFB54 /* Resources */,
				1D60588E0D05DD3D006BFB54 /* Sources */,
				1D60588F0D05DD3D006BFB54 /* Frameworks */,
			);
			buildRules = (
			);
			dependencies = (
				301BF551109A68C00062928A /* PBXTargetDependency */,
			);
			name = QRDEE;
			productName = QRDEE;
			productReference = 1D6058910D05DD3D006BFB54 /* QRDEE.app */;
			productType = "com.apple.product-type.application";
		};
/* End PBXNativeTarget section */

/* Begin PBXProject section */
		29B97313FDCFA39411CA2CEA /* Project object */ = {
			isa = PBXProject;
			attributes = {
				LastUpgradeCheck = 510;
			};
			buildConfigurationList = C01FCF4E08A954540054247B /* Build configuration list for PBXProject "QRDEE" */;
			compatibilityVersion = "Xcode 11.0";
			developmentRegion = English;
			hasScannedForEncodings = 1;
			knownRegions = (
				English,
				en,
				Base,
			);
			mainGroup = 29B97314FDCFA39411CA2CEA;
			productRefGroup = 19C28FACFE9D520D11CA2CBB /* Products */;
			projectDirPath = "";
			projectReferences = (
				{
					ProductGroup = 301BF52E109A57CC0062928A /* Products */;
					ProjectRef = 301BF52D109A57CC0062928A /* CordovaLib.xcodeproj */;
				},
			);
			projectRoot = "";
			targets = (
				1D6058900D05DD3D006BFB54 /* QRDEE */,
			);
		};
/* End PBXProject section */

/* Begin PBXReferenceProxy section */
		301BF535109A57CC0062928A /* libCordova.a */ = {
			isa = PBXReferenceProxy;
			fileType = archive.ar;
			path = libCordova.a;
			remoteRef = 301BF534109A57CC0062928A /* PBXContainerItemProxy */;
			sourceTree = BUILT_PRODUCTS_DIR;
		};
		907D8124214C687600058A10 /* Cordova.framework */ = {
			isa = PBXReferenceProxy;
			fileType = wrapper.framework;
			path = Cordova.framework;
			remoteRef = 907D8123214C687600058A10 /* PBXContainerItemProxy */;
			sourceTree = BUILT_PRODUCTS_DIR;
		};
/* End PBXReferenceProxy section */

/* Begin PBXResourcesBuildPhase section */
		1D60588D0D05DD3D006BFB54 /* Resources */ = {
			isa = PBXResourcesBuildPhase;
			buildActionMask = 2147483647;
			files = (
				302D95F214D2391D003F00A1 /* MainViewController.xib in Resources */,
				0207DA581B56EA530066E2B4 /* Images.xcassets in Resources */,
				6AFF5BF91D6E424B00AB3073 /* CDVLaunchScreen.storyboard in Resources */,
				B6F099A841BB41808CCA5A14 /* GoogleMaps.bundle in Resources */,
				4CD485A30E5543F38DA74F08 /* scannerOverlay.xib in Resources */,
				B40C6C00EBBA4D0C8E8C7D0E /* CDVBarcodeScanner.bundle in Resources */,
				674CDC83DF604E37A15A93AF /* appbeep.wav in Resources */,
			);
			runOnlyForDeploymentPostprocessing = 0;
		};
/* End PBXResourcesBuildPhase section */

/* Begin PBXShellScriptBuildPhase section */
		304B58A110DAC018002A0835 /* Copy www directory */ = {
			isa = PBXShellScriptBuildPhase;
			buildActionMask = 2147483647;
			files = (
			);
			inputPaths = (
			);
			name = "Copy www directory";
			outputPaths = (
			);
			runOnlyForDeploymentPostprocessing = 0;
			shellPath = /bin/sh;
			shellScript = "\"$SRCROOT/QRDEE/Scripts/copy-www-build-step.sh\"";
			showEnvVarsInLog = 0;
		};
		FECDE5F65359DEDAF783D6F0 /* [CP] Check Pods Manifest.lock */ = {
			isa = PBXShellScriptBuildPhase;
			buildActionMask = 2147483647;
			files = (
			);
			inputFileListPaths = (
			);
			inputPaths = (
				"${PODS_PODFILE_DIR_PATH}/Podfile.lock",
				"${PODS_ROOT}/Manifest.lock",
			);
			name = "[CP] Check Pods Manifest.lock";
			outputFileListPaths = (
			);
			outputPaths = (
				"$(DERIVED_FILE_DIR)/Pods-QRDEE-checkManifestLockResult.txt",
			);
			runOnlyForDeploymentPostprocessing = 0;
			shellPath = /bin/sh;
			shellScript = "diff \"${PODS_PODFILE_DIR_PATH}/Podfile.lock\" \"${PODS_ROOT}/Manifest.lock\" > /dev/null\nif [ $? != 0 ] ; then\n    # print error to STDERR\n    echo \"error: The sandbox is not in sync with the Podfile.lock. Run 'pod install' or update your CocoaPods installation.\" >&2\n    exit 1\nfi\n# This output is used by Xcode 'outputs' to avoid re-running this script phase.\necho \"SUCCESS\" > \"${SCRIPT_OUTPUT_FILE_0}\"\n";
			showEnvVarsInLog = 0;
		};
/* End PBXShellScriptBuildPhase section */

/* Begin PBXSourcesBuildPhase section */
		1D60588E0D05DD3D006BFB54 /* Sources */ = {
			isa = PBXSourcesBuildPhase;
			buildActionMask = 2147483647;
			files = (
				1D60589B0D05DD56006BFB54 /* main.m in Sources */,
				1D3623260D0F684500981E51 /* AppDelegate.m in Sources */,
				302D95F114D2391D003F00A1 /* MainViewController.m in Sources */,
				24878C3B9C9E46C89A1E7DAA /* UIImage+CropScaleOrientation.m in Sources */,
				E3DF9F6A582145DCB671110D /* CDVCamera.m in Sources */,
				827A322CC699469DA8481572 /* CDVJpegHeaderWriter.m in Sources */,
				811D1A5B265F4A3ABFC31057 /* CDVDevice.m in Sources */,
				2E1CA8093F1B4BAABAB260E0 /* CDVFile.m in Sources */,
				35ECFCEDAD8B45FCB7C1D38E /* CDVLocalFilesystem.m in Sources */,
				1AD9BAAAA85C4E648A39B8FC /* CDVAssetLibraryFilesystem.m in Sources */,
				70087797C3284BB8AF10ED38 /* CDVLocation.m in Sources */,
				858E6E1751E14D65AB603C33 /* CDVIonicKeyboard.m in Sources */,
				A467D33F2A1147E89DC461ED /* CDVSplashScreen.m in Sources */,
				A8D65A2F05C143B795BAC83B /* CDVViewController+SplashScreen.m in Sources */,
				7271FCA836CD4B049C94882E /* CDVStatusBar.m in Sources */,
				6E70F74D34C747399BE4EECA /* SQLitePlugin.m in Sources */,
				05D2A7B8D1DD413F9F85CF3E /* PSPDFThreadSafeMutableDictionary.m in Sources */,
				D77D404605EA4FCC92492C28 /* sqlite3.c in Sources */,
				A5CCA9DFC4C9479AAE95002A /* CFCallNumber.m in Sources */,
				518823CCC67E44A884250D80 /* CDVBarcodeScanner.mm in Sources */,
				020E43AF1A8D46228A567280 /* CDVWKWebViewEngine.m in Sources */,
				758A5E69EFC34737B079B8CD /* CDVWKWebViewUIDelegate.m in Sources */,
				D10A0A7BC56043C78C5056A7 /* CDVWKProcessPoolFactory.m in Sources */,
				5A66FAA44A1E4E27AFE135C0 /* IONAssetHandler.m in Sources */,
				CED0A4022E3C4B45A2B77347 /* APPBadge.m in Sources */,
				BAAE131B0CA548C4BD80CF07 /* APPLocalNotification.m in Sources */,
				7B716D2B21284D2BABFAA99B /* APPNotificationContent.m in Sources */,
				39BE1D30D2B44788B2A9F627 /* APPNotificationOptions.m in Sources */,
				D0281392A80A40D19032B026 /* UNUserNotificationCenter+APPLocalNotification.m in Sources */,
				B1D80D78CC36456C9D2CC0B7 /* UNNotificationRequest+APPLocalNotification.m in Sources */,
				4D323D13137544AFB4D9F110 /* APPBackgroundMode.m in Sources */,
				D5B42BE2BC8E4B0FB3E12B64 /* APPMethodMagic.m in Sources */,
			);
			runOnlyForDeploymentPostprocessing = 0;
		};
/* End PBXSourcesBuildPhase section */

/* Begin PBXTargetDependency section */
		301BF551109A68C00062928A /* PBXTargetDependency */ = {
			isa = PBXTargetDependency;
			name = CordovaLib;
			targetProxy = 301BF550109A68C00062928A /* PBXContainerItemProxy */;
		};
/* End PBXTargetDependency section */

/* Begin XCBuildConfiguration section */
		1D6058940D05DD3E006BFB54 /* Debug */ = {
			isa = XCBuildConfiguration;
			baseConfigurationReference = 3047A50F1AB8059700498E2A /* build-debug.xcconfig */;
			buildSettings = {
				ALWAYS_SEARCH_USER_PATHS = NO;
				ASSETCATALOG_COMPILER_APPICON_NAME = AppIcon;
				ASSETCATALOG_COMPILER_LAUNCHIMAGE_NAME = LaunchImage;
				CLANG_ENABLE_MODULES = YES;
				CLANG_ENABLE_OBJC_ARC = YES;
				COPY_PHASE_STRIP = NO;
				DEVELOPMENT_TEAM = 4F5VU35VKJ;
				FRAMEWORK_SEARCH_PATHS = (
					"$(inherited)",
					"\"QRDEE/Plugins/com.googlemaps.ios\"",
					"\"QRDEE/Plugins/com.googlemaps.ios\"",
					"\"QRDEE/Plugins/com.googlemaps.ios\"",
				);
				GCC_DYNAMIC_NO_PIC = NO;
				GCC_OPTIMIZATION_LEVEL = 0;
				GCC_PRECOMPILE_PREFIX_HEADER = YES;
				GCC_PREFIX_HEADER = "QRDEE/QRDEE-Prefix.pch";
				GCC_THUMB_SUPPORT = NO;
				GCC_VERSION = "";
				INFOPLIST_FILE = "QRDEE/QRDEE-Info.plist";
				IPHONEOS_DEPLOYMENT_TARGET = 11.0;
				LD_RUNPATH_SEARCH_PATHS = "@executable_path/Frameworks";
				MARKETING_VERSION = 0.1.8;
				PRODUCT_BUNDLE_IDENTIFIER = io.ionic.qrdee-emarket;
				PRODUCT_NAME = "$(TARGET_NAME)";
				TARGETED_DEVICE_FAMILY = "1,2";
			};
			name = Debug;
		};
		1D6058950D05DD3E006BFB54 /* Release */ = {
			isa = XCBuildConfiguration;
			baseConfigurationReference = 3047A5101AB8059700498E2A /* build-release.xcconfig */;
			buildSettings = {
				ALWAYS_SEARCH_USER_PATHS = NO;
				ASSETCATALOG_COMPILER_APPICON_NAME = AppIcon;
				ASSETCATALOG_COMPILER_LAUNCHIMAGE_NAME = LaunchImage;
				CLANG_ENABLE_MODULES = YES;
				CLANG_ENABLE_OBJC_ARC = YES;
				CODE_SIGN_IDENTITY = "Apple Development";
				CODE_SIGN_STYLE = Automatic;
				COPY_PHASE_STRIP = YES;
				DEVELOPMENT_TEAM = 4F5VU35VKJ;
				FRAMEWORK_SEARCH_PATHS = (
					"$(inherited)",
					"\"QRDEE/Plugins/com.googlemaps.ios\"",
					"\"QRDEE/Plugins/com.googlemaps.ios\"",
					"\"QRDEE/Plugins/com.googlemaps.ios\"",
				);
				GCC_PRECOMPILE_PREFIX_HEADER = YES;
				GCC_PREFIX_HEADER = "QRDEE/QRDEE-Prefix.pch";
				GCC_THUMB_SUPPORT = NO;
				GCC_VERSION = "";
				INFOPLIST_FILE = "QRDEE/QRDEE-Info.plist";
				IPHONEOS_DEPLOYMENT_TARGET = 11.0;
				LD_RUNPATH_SEARCH_PATHS = "@executable_path/Frameworks";
				MARKETING_VERSION = 0.1.8;
				PRODUCT_BUNDLE_IDENTIFIER = io.ionic.qrdee-emarket;
				PRODUCT_NAME = "$(TARGET_NAME)";
				PROVISIONING_PROFILE_SPECIFIER = "";
				TARGETED_DEVICE_FAMILY = "1,2";
			};
			name = Release;
		};
		C01FCF4F08A954540054247B /* Debug */ = {
			isa = XCBuildConfiguration;
			baseConfigurationReference = 3047A5111AB8059700498E2A /* build.xcconfig */;
			buildSettings = {
				CLANG_ENABLE_MODULES = YES;
				CLANG_ENABLE_OBJC_ARC = YES;
				CLANG_WARN_BLOCK_CAPTURE_AUTORELEASING = YES;
				CLANG_WARN_BOOL_CONVERSION = YES;
				CLANG_WARN_COMMA = YES;
				CLANG_WARN_CONSTANT_CONVERSION = YES;
				CLANG_WARN_DEPRECATED_OBJC_IMPLEMENTATIONS = YES;
				CLANG_WARN_EMPTY_BODY = YES;
				CLANG_WARN_ENUM_CONVERSION = YES;
				CLANG_WARN_INFINITE_RECURSION = YES;
				CLANG_WARN_INT_CONVERSION = YES;
				CLANG_WARN_NON_LITERAL_NULL_CONVERSION = YES;
				CLANG_WARN_OBJC_IMPLICIT_RETAIN_SELF = YES;
				CLANG_WARN_OBJC_LITERAL_CONVERSION = YES;
				CLANG_WARN_RANGE_LOOP_ANALYSIS = YES;
				CLANG_WARN_STRICT_PROTOTYPES = YES;
				CLANG_WARN_SUSPICIOUS_MOVE = YES;
				CLANG_WARN_UNREACHABLE_CODE = YES;
				CLANG_WARN__DUPLICATE_METHOD_MATCH = YES;
				ENABLE_STRICT_OBJC_MSGSEND = YES;
				ENABLE_TESTABILITY = YES;
				GCC_C_LANGUAGE_STANDARD = c99;
				GCC_NO_COMMON_BLOCKS = YES;
				GCC_THUMB_SUPPORT = NO;
				GCC_VERSION = "";
				GCC_WARN_64_TO_32_BIT_CONVERSION = YES;
				GCC_WARN_ABOUT_RETURN_TYPE = YES;
				GCC_WARN_UNDECLARED_SELECTOR = YES;
				GCC_WARN_UNINITIALIZED_AUTOS = YES;
				GCC_WARN_UNUSED_FUNCTION = YES;
				GCC_WARN_UNUSED_VARIABLE = YES;
				IPHONEOS_DEPLOYMENT_TARGET = 11.0;
				ONLY_ACTIVE_ARCH = YES;
				PRODUCT_BUNDLE_IDENTIFIER = io.ionic.qrdee-emarket;
				SDKROOT = iphoneos;
				SKIP_INSTALL = NO;
				WK_WEB_VIEW_ONLY = 0;
			};
			name = Debug;
		};
		C01FCF5008A954540054247B /* Release */ = {
			isa = XCBuildConfiguration;
			baseConfigurationReference = 3047A5111AB8059700498E2A /* build.xcconfig */;
			buildSettings = {
				CLANG_ENABLE_MODULES = YES;
				CLANG_ENABLE_OBJC_ARC = YES;
				CLANG_WARN_BLOCK_CAPTURE_AUTORELEASING = YES;
				CLANG_WARN_BOOL_CONVERSION = YES;
				CLANG_WARN_COMMA = YES;
				CLANG_WARN_CONSTANT_CONVERSION = YES;
				CLANG_WARN_DEPRECATED_OBJC_IMPLEMENTATIONS = YES;
				CLANG_WARN_EMPTY_BODY = YES;
				CLANG_WARN_ENUM_CONVERSION = YES;
				CLANG_WARN_INFINITE_RECURSION = YES;
				CLANG_WARN_INT_CONVERSION = YES;
				CLANG_WARN_NON_LITERAL_NULL_CONVERSION = YES;
				CLANG_WARN_OBJC_IMPLICIT_RETAIN_SELF = YES;
				CLANG_WARN_OBJC_LITERAL_CONVERSION = YES;
				CLANG_WARN_RANGE_LOOP_ANALYSIS = YES;
				CLANG_WARN_STRICT_PROTOTYPES = YES;
				CLANG_WARN_SUSPICIOUS_MOVE = YES;
				CLANG_WARN_UNREACHABLE_CODE = YES;
				CLANG_WARN__DUPLICATE_METHOD_MATCH = YES;
				ENABLE_STRICT_OBJC_MSGSEND = YES;
				GCC_C_LANGUAGE_STANDARD = c99;
				GCC_NO_COMMON_BLOCKS = YES;
				GCC_THUMB_SUPPORT = NO;
				GCC_VERSION = "";
				GCC_WARN_64_TO_32_BIT_CONVERSION = YES;
				GCC_WARN_ABOUT_RETURN_TYPE = YES;
				GCC_WARN_UNDECLARED_SELECTOR = YES;
				GCC_WARN_UNINITIALIZED_AUTOS = YES;
				GCC_WARN_UNUSED_FUNCTION = YES;
				GCC_WARN_UNUSED_VARIABLE = YES;
				IPHONEOS_DEPLOYMENT_TARGET = 11.0;
				PRODUCT_BUNDLE_IDENTIFIER = io.ionic.qrdee-emarket;
				SDKROOT = iphoneos;
				SKIP_INSTALL = NO;
				WK_WEB_VIEW_ONLY = 0;
			};
			name = Release;
		};
/* End XCBuildConfiguration section */

/* Begin XCConfigurationList section */
		1D6058960D05DD3E006BFB54 /* Build configuration list for PBXNativeTarget "QRDEE" */ = {
			isa = XCConfigurationList;
			buildConfigurations = (
				1D6058940D05DD3E006BFB54 /* Debug */,
				1D6058950D05DD3E006BFB54 /* Release */,
			);
			defaultConfigurationIsVisible = 0;
			defaultConfigurationName = Release;
		};
		C01FCF4E08A954540054247B /* Build configuration list for PBXProject "QRDEE" */ = {
			isa = XCConfigurationList;
			buildConfigurations = (
				C01FCF4F08A954540054247B /* Debug */,
				C01FCF5008A954540054247B /* Release */,
			);
			defaultConfigurationIsVisible = 0;
			defaultConfigurationName = Release;
		};
/* End XCConfigurationList section */
	};
	rootObject = 29B97313FDCFA39411CA2CEA /* Project object */;
}
